
Microsoft Visual Studio Solution File, Format Version 12.00
# Visual Studio Version 16
VisualStudioVersion = 16.0.32106.194
MinimumVisualStudioVersion = 10.0.40219.1
Project("{FAE04EC0-301F-11D3-BF4B-00C04F79EFBC}") = "StockOnliner", "StockOnliner\StockOnliner.csproj", "{5E591CC7-A4B5-42AC-B319-090464F6678A}"
EndProject
Global
	GlobalSection(SolutionConfigurationPlatforms) = preSolution
		Debug|Any CPU = Debug|Any CPU
		Release|Any CPU = Release|Any CPU
	EndGlobalSection
	GlobalSection(ProjectConfigurationPlatforms) = postSolution
		{5E591CC7-A4B5-42AC-B319-090464F6678A}.Debug|Any CPU.ActiveCfg = Debug|Any CPU
		{5E591CC7-A4B5-42AC-B319-090464F6678A}.Debug|Any CPU.Build.0 = Debug|Any CPU
		{5E591CC7-A4B5-42AC-B319-090464F6678A}.Release|Any CPU.ActiveCfg = Release|Any CPU
		{5E591CC7-A4B5-42AC-B319-090464F6678A}.Release|Any CPU.Build.0 = Release|Any CPU
	EndGlobalSection
	GlobalSection(SolutionProperties) = preSolution
		HideSolutionNode = FALSE
	EndGlobalSection
	GlobalSection(ExtensibilityGlobals) = postSolution
		SolutionGuid = {A2524912-C143-44C7-BDB1-25AE3E1D148F}
	EndGlobalSection
EndGlobal
